
Microsoft Visual Studio Solution File, Format Version 12.00
# Visual Studio Version 17
VisualStudioVersion = 17.4.33213.308
MinimumVisualStudioVersion = 10.0.40219.1
Project("{FAE04EC0-301F-11D3-BF4B-00C04F79EFBC}") = "RestAPI", "RestAPI\RestAPI.csproj", "{62767054-E31B-4747-B77B-AFF334C01AFB}"
EndProject
Global
	GlobalSection(SolutionConfigurationPlatforms) = preSolution
		Debug|Any CPU = Debug|Any CPU
		Release|Any CPU = Release|Any CPU
	EndGlobalSection
	GlobalSection(ProjectConfigurationPlatforms) = postSolution
		{62767054-E31B-4747-B77B-AFF334C01AFB}.Debug|Any CPU.ActiveCfg = Debug|Any CPU
		{62767054-E31B-4747-B77B-AFF334C01AFB}.Debug|Any CPU.Build.0 = Debug|Any CPU
		{62767054-E31B-4747-B77B-AFF334C01AFB}.Release|Any CPU.ActiveCfg = Release|Any CPU
		{62767054-E31B-4747-B77B-AFF334C01AFB}.Release|Any CPU.Build.0 = Release|Any CPU
	EndGlobalSection
	GlobalSection(SolutionProperties) = preSolution
		HideSolutionNode = FALSE
	EndGlobalSection
	GlobalSection(ExtensibilityGlobals) = postSolution
		SolutionGuid = {B7FAC520-3B4D-47C0-BD3D-ECB841A3E0BA}
	EndGlobalSection
EndGlobal
